
Microsoft Visual Studio Solution File, Format Version 12.00
# Visual Studio Version 17
VisualStudioVersion = 17.10.35013.160
MinimumVisualStudioVersion = 10.0.40219.1
Project("{FAE04EC0-301F-11D3-BF4B-00C04F79EFBC}") = "JWTAuthAPI", "JWTAuthAPI\JWTAuthAPI.csproj", "{0DB37E94-8E2C-4FCE-A3E0-CB31212327B9}"
EndProject
Global
	GlobalSection(SolutionConfigurationPlatforms) = preSolution
		Debug|Any CPU = Debug|Any CPU
		Release|Any CPU = Release|Any CPU
	EndGlobalSection
	GlobalSection(ProjectConfigurationPlatforms) = postSolution
		{0DB37E94-8E2C-4FCE-A3E0-CB31212327B9}.Debug|Any CPU.ActiveCfg = Debug|Any CPU
		{0DB37E94-8E2C-4FCE-A3E0-CB31212327B9}.Debug|Any CPU.Build.0 = Debug|Any CPU
		{0DB37E94-8E2C-4FCE-A3E0-CB31212327B9}.Release|Any CPU.ActiveCfg = Release|Any CPU
		{0DB37E94-8E2C-4FCE-A3E0-CB31212327B9}.Release|Any CPU.Build.0 = Release|Any CPU
	EndGlobalSection
	GlobalSection(SolutionProperties) = preSolution
		HideSolutionNode = FALSE
	EndGlobalSection
	GlobalSection(ExtensibilityGlobals) = postSolution
		SolutionGuid = {66DDA722-7604-4788-A1C8-F510883017EC}
	EndGlobalSection
EndGlobal
